// !$*UTF8*$!
{
	archiveVersion = 1;
	classes = {
	};
	objectVersion = 46;
	objects = {

/* Begin PBXBuildFile section */
		465748721B345CAA00E73D99 /* AddressBookUI.framework in Frameworks */ = {isa = PBXBuildFile; fileRef = 465748711B345CAA00E73D99 /* AddressBookUI.framework */; };
		46BA04E11B2D6B9900A5AF06 /* AppDelegate.swift in Sources */ = {isa = PBXBuildFile; fileRef = 46BA04E01B2D6B9900A5AF06 /* AppDelegate.swift */; };
		46BA04E31B2D6B9900A5AF06 /* FeedController.swift in Sources */ = {isa = PBXBuildFile; fileRef = 46BA04E21B2D6B9900A5AF06 /* FeedController.swift */; };
		46BA04E61B2D6B9900A5AF06 /* Main.storyboard in Resources */ = {isa = PBXBuildFile; fileRef = 46BA04E41B2D6B9900A5AF06 /* Main.storyboard */; };
		46BA04E81B2D6B9900A5AF06 /* Images.xcassets in Resources */ = {isa = PBXBuildFile; fileRef = 46BA04E71B2D6B9900A5AF06 /* Images.xcassets */; };
		46BA04EB1B2D6B9900A5AF06 /* LaunchScreen.xib in Resources */ = {isa = PBXBuildFile; fileRef = 46BA04E91B2D6B9900A5AF06 /* LaunchScreen.xib */; };
		46BA04F71B2D6B9900A5AF06 /* planfmTests.swift in Sources */ = {isa = PBXBuildFile; fileRef = 46BA04F61B2D6B9900A5AF06 /* planfmTests.swift */; };
		46BA05011B2D6C6A00A5AF06 /* Plan.swift in Sources */ = {isa = PBXBuildFile; fileRef = 46BA05001B2D6C6A00A5AF06 /* Plan.swift */; };
		46BCF66D1B30633F0065FBF9 /* MapKit.framework in Frameworks */ = {isa = PBXBuildFile; fileRef = 46BCF66C1B30633F0065FBF9 /* MapKit.framework */; };
		46BCF66F1B3069F00065FBF9 /* CoreLocation.framework in Frameworks */ = {isa = PBXBuildFile; fileRef = 46BCF66E1B3069F00065FBF9 /* CoreLocation.framework */; };
		46BCF6711B31ED4D0065FBF9 /* MapViewController.swift in Sources */ = {isa = PBXBuildFile; fileRef = 46BCF6701B31ED4D0065FBF9 /* MapViewController.swift */; };
/* End PBXBuildFile section */

/* Begin PBXContainerItemProxy section */
		46BA04F11B2D6B9900A5AF06 /* PBXContainerItemProxy */ = {
			isa = PBXContainerItemProxy;
			containerPortal = 46BA04D31B2D6B9900A5AF06 /* Project object */;
			proxyType = 1;
			remoteGlobalIDString = 46BA04DA1B2D6B9900A5AF06;
			remoteInfo = planfm;
		};
/* End PBXContainerItemProxy section */

/* Begin PBXFileReference section */
		465748711B345CAA00E73D99 /* AddressBookUI.framework */ = {isa = PBXFileReference; lastKnownFileType = wrapper.framework; name = AddressBookUI.framework; path = System/Library/Frameworks/AddressBookUI.framework; sourceTree = SDKROOT; };
		46BA04DB1B2D6B9900A5AF06 /* planfm.app */ = {isa = PBXFileReference; explicitFileType = wrapper.application; includeInIndex = 0; path = planfm.app; sourceTree = BUILT_PRODUCTS_DIR; };
		46BA04DF1B2D6B9900A5AF06 /* Info.plist */ = {isa = PBXFileReference; lastKnownFileType = text.plist.xml; path = Info.plist; sourceTree = "<group>"; };
		46BA04E01B2D6B9900A5AF06 /* AppDelegate.swift */ = {isa = PBXFileReference; lastKnownFileType = sourcecode.swift; path = AppDelegate.swift; sourceTree = "<group>"; };
		46BA04E21B2D6B9900A5AF06 /* FeedController.swift */ = {isa = PBXFileReference; lastKnownFileType = sourcecode.swift; path = FeedController.swift; sourceTree = "<group>"; };
		46BA04E51B2D6B9900A5AF06 /* Base */ = {isa = PBXFileReference; lastKnownFileType = file.storyboard; name = Base; path = Base.lproj/Main.storyboard; sourceTree = "<group>"; };
		46BA04E71B2D6B9900A5AF06 /* Images.xcassets */ = {isa = PBXFileReference; lastKnownFileType = folder.assetcatalog; path = Images.xcassets; sourceTree = "<group>"; };
		46BA04EA1B2D6B9900A5AF06 /* Base */ = {isa = PBXFileReference; lastKnownFileType = file.xib; name = Base; path = Base.lproj/LaunchScreen.xib; sourceTree = "<group>"; };
		46BA04F01B2D6B9900A5AF06 /* planfmTests.xctest */ = {isa = PBXFileReference; explicitFileType = wrapper.cfbundle; includeInIndex = 0; path = planfmTests.xctest; sourceTree = BUILT_PRODUCTS_DIR; };
		46BA04F51B2D6B9900A5AF06 /* Info.plist */ = {isa = PBXFileReference; lastKnownFileType = text.plist.xml; path = Info.plist; sourceTree = "<group>"; };
		46BA04F61B2D6B9900A5AF06 /* planfmTests.swift */ = {isa = PBXFileReference; lastKnownFileType = sourcecode.swift; path = planfmTests.swift; sourceTree = "<group>"; };
		46BA05001B2D6C6A00A5AF06 /* Plan.swift */ = {isa = PBXFileReference; fileEncoding = 4; lastKnownFileType = sourcecode.swift; path = Plan.swift; sourceTree = "<group>"; };
		46BCF66C1B30633F0065FBF9 /* MapKit.framework */ = {isa = PBXFileReference; lastKnownFileType = wrapper.framework; name = MapKit.framework; path = System/Library/Frameworks/MapKit.framework; sourceTree = SDKROOT; };
		46BCF66E1B3069F00065FBF9 /* CoreLocation.framework */ = {isa = PBXFileReference; lastKnownFileType = wrapper.framework; name = CoreLocation.framework; path = System/Library/Frameworks/CoreLocation.framework; sourceTree = SDKROOT; };
		46BCF6701B31ED4D0065FBF9 /* MapViewController.swift */ = {isa = PBXFileReference; fileEncoding = 4; lastKnownFileType = sourcecode.swift; path = MapViewController.swift; sourceTree = "<group>"; };
/* End PBXFileReference section */

/* Begin PBXFrameworksBuildPhase section */
		46BA04D81B2D6B9900A5AF06 /* Frameworks */ = {
			isa = PBXFrameworksBuildPhase;
			buildActionMask = 2147483647;
			files = (
				465748721B345CAA00E73D99 /* AddressBookUI.framework in Frameworks */,
				46BCF66F1B3069F00065FBF9 /* CoreLocation.framework in Frameworks */,
				46BCF66D1B30633F0065FBF9 /* MapKit.framework in Frameworks */,
			);
			runOnlyForDeploymentPostprocessing = 0;
		};
		46BA04ED1B2D6B9900A5AF06 /* Frameworks */ = {
			isa = PBXFrameworksBuildPhase;
			buildActionMask = 2147483647;
			files = (
			);
			runOnlyForDeploymentPostprocessing = 0;
		};
/* End PBXFrameworksBuildPhase section */

/* Begin PBXGroup section */
		46BA04D21B2D6B9900A5AF06 = {
			isa = PBXGroup;
			children = (
				465748711B345CAA00E73D99 /* AddressBookUI.framework */,
				46BCF66E1B3069F00065FBF9 /* CoreLocation.framework */,
				46BCF66C1B30633F0065FBF9 /* MapKit.framework */,
				46BA04DD1B2D6B9900A5AF06 /* planfm */,
				46BA04F31B2D6B9900A5AF06 /* planfmTests */,
				46BA04DC1B2D6B9900A5AF06 /* Products */,
			);
			sourceTree = "<group>";
		};
		46BA04DC1B2D6B9900A5AF06 /* Products */ = {
			isa = PBXGroup;
			children = (
				46BA04DB1B2D6B9900A5AF06 /* planfm.app */,
				46BA04F01B2D6B9900A5AF06 /* planfmTests.xctest */,
			);
			name = Products;
			sourceTree = "<group>";
		};
		46BA04DD1B2D6B9900A5AF06 /* planfm */ = {
			isa = PBXGroup;
			children = (
				46BA04E01B2D6B9900A5AF06 /* AppDelegate.swift */,
				46BA04E21B2D6B9900A5AF06 /* FeedController.swift */,
				46BA04E41B2D6B9900A5AF06 /* Main.storyboard */,
				46BCF6701B31ED4D0065FBF9 /* MapViewController.swift */,
				46BA05001B2D6C6A00A5AF06 /* Plan.swift */,
				46BA04E71B2D6B9900A5AF06 /* Images.xcassets */,
				46BA04E91B2D6B9900A5AF06 /* LaunchScreen.xib */,
				46BA04DE1B2D6B9900A5AF06 /* Supporting Files */,
			);
			path = planfm;
			sourceTree = "<group>";
		};
		46BA04DE1B2D6B9900A5AF06 /* Supporting Files */ = {
			isa = PBXGroup;
			children = (
				46BA04DF1B2D6B9900A5AF06 /* Info.plist */,
			);
			name = "Supporting Files";
			sourceTree = "<group>";
		};
		46BA04F31B2D6B9900A5AF06 /* planfmTests */ = {
			isa = PBXGroup;
			children = (
				46BA04F61B2D6B9900A5AF06 /* planfmTests.swift */,
				46BA04F41B2D6B9900A5AF06 /* Supporting Files */,
			);
			path = planfmTests;
			sourceTree = "<group>";
		};
		46BA04F41B2D6B9900A5AF06 /* Supporting Files */ = {
			isa = PBXGroup;
			children = (
				46BA04F51B2D6B9900A5AF06 /* Info.plist */,
			);
			name = "Supporting Files";
			sourceTree = "<group>";
		};
/* End PBXGroup section */

/* Begin PBXNativeTarget section */
		46BA04DA1B2D6B9900A5AF06 /* planfm */ = {
			isa = PBXNativeTarget;
			buildConfigurationList = 46BA04FA1B2D6B9900A5AF06 /* Build configuration list for PBXNativeTarget "planfm" */;
			buildPhases = (
				46BA04D71B2D6B9900A5AF06 /* Sources */,
				46BA04D81B2D6B9900A5AF06 /* Frameworks */,
				46BA04D91B2D6B9900A5AF06 /* Resources */,
			);
			buildRules = (
			);
			dependencies = (
			);
			name = planfm;
			productName = planfm;
			productReference = 46BA04DB1B2D6B9900A5AF06 /* planfm.app */;
			productType = "com.apple.product-type.application";
		};
		46BA04EF1B2D6B9900A5AF06 /* planfmTests */ = {
			isa = PBXNativeTarget;
			buildConfigurationList = 46BA04FD1B2D6B9900A5AF06 /* Build configuration list for PBXNativeTarget "planfmTests" */;
			buildPhases = (
				46BA04EC1B2D6B9900A5AF06 /* Sources */,
				46BA04ED1B2D6B9900A5AF06 /* Frameworks */,
				46BA04EE1B2D6B9900A5AF06 /* Resources */,
			);
			buildRules = (
			);
			dependencies = (
				46BA04F21B2D6B9900A5AF06 /* PBXTargetDependency */,
			);
			name = planfmTests;
			productName = planfmTests;
			productReference = 46BA04F01B2D6B9900A5AF06 /* planfmTests.xctest */;
			productType = "com.apple.product-type.bundle.unit-test";
		};
/* End PBXNativeTarget section */

/* Begin PBXProject section */
		46BA04D31B2D6B9900A5AF06 /* Project object */ = {
			isa = PBXProject;
			attributes = {
				LastUpgradeCheck = 0630;
				ORGANIZATIONNAME = "Rohan Bhangui";
				TargetAttributes = {
					46BA04DA1B2D6B9900A5AF06 = {
						CreatedOnToolsVersion = 6.3.2;
						SystemCapabilities = {
							com.apple.BackgroundModes = {
								enabled = 1;
							};
						};
					};
					46BA04EF1B2D6B9900A5AF06 = {
						CreatedOnToolsVersion = 6.3.2;
						TestTargetID = 46BA04DA1B2D6B9900A5AF06;
					};
				};
			};
			buildConfigurationList = 46BA04D61B2D6B9900A5AF06 /* Build configuration list for PBXProject "planfm" */;
			compatibilityVersion = "Xcode 3.2";
			developmentRegion = English;
			hasScannedForEncodings = 0;
			knownRegions = (
				en,
				Base,
			);
			mainGroup = 46BA04D21B2D6B9900A5AF06;
			productRefGroup = 46BA04DC1B2D6B9900A5AF06 /* Products */;
			projectDirPath = "";
			projectRoot = "";
			targets = (
				46BA04DA1B2D6B9900A5AF06 /* planfm */,
				46BA04EF1B2D6B9900A5AF06 /* planfmTests */,
			);
		};
/* End PBXProject section */

/* Begin PBXResourcesBuildPhase section */
		46BA04D91B2D6B9900A5AF06 /* Resources */ = {
			isa = PBXResourcesBuildPhase;
			buildActionMask = 2147483647;
			files = (
				46BA04E61B2D6B9900A5AF06 /* Main.storyboard in Resources */,
				46BA04EB1B2D6B9900A5AF06 /* LaunchScreen.xib in Resources */,
				46BA04E81B2D6B9900A5AF06 /* Images.xcassets in Resources */,
			);
			runOnlyForDeploymentPostprocessing = 0;
		};
		46BA04EE1B2D6B9900A5AF06 /* Resources */ = {
			isa = PBXResourcesBuildPhase;
			buildActionMask = 2147483647;
			files = (
			);
			runOnlyForDeploymentPostprocessing = 0;
		};
/* End PBXResourcesBuildPhase section */

/* Begin PBXSourcesBuildPhase section */
		46BA04D71B2D6B9900A5AF06 /* Sources */ = {
			isa = PBXSourcesBuildPhase;
			buildActionMask = 2147483647;
			files = (
				46BA04E31B2D6B9900A5AF06 /* FeedController.swift in Sources */,
				46BA04E11B2D6B9900A5AF06 /* AppDelegate.swift in Sources */,
				46BA05011B2D6C6A00A5AF06 /* Plan.swift in Sources */,
				46BCF6711B31ED4D0065FBF9 /* MapViewController.swift in Sources */,
			);
			runOnlyForDeploymentPostprocessing = 0;
		};
		46BA04EC1B2D6B9900A5AF06 /* Sources */ = {
			isa = PBXSourcesBuildPhase;
			buildActionMask = 2147483647;
			files = (
				46BA04F71B2D6B9900A5AF06 /* planfmTests.swift in Sources */,
			);
			runOnlyForDeploymentPostprocessing = 0;
		};
/* End PBXSourcesBuildPhase section */

/* Begin PBXTargetDependency section */
		46BA04F21B2D6B9900A5AF06 /* PBXTargetDependency */ = {
			isa = PBXTargetDependency;
			target = 46BA04DA1B2D6B9900A5AF06 /* planfm */;
			targetProxy = 46BA04F11B2D6B9900A5AF06 /* PBXContainerItemProxy */;
		};
/* End PBXTargetDependency section */

/* Begin PBXVariantGroup section */
		46BA04E41B2D6B9900A5AF06 /* Main.storyboard */ = {
			isa = PBXVariantGroup;
			children = (
				46BA04E51B2D6B9900A5AF06 /* Base */,
			);
			name = Main.storyboard;
			sourceTree = "<group>";
		};
		46BA04E91B2D6B9900A5AF06 /* LaunchScreen.xib */ = {
			isa = PBXVariantGroup;
			children = (
				46BA04EA1B2D6B9900A5AF06 /* Base */,
			);
			name = LaunchScreen.xib;
			sourceTree = "<group>";
		};
/* End PBXVariantGroup section */

/* Begin XCBuildConfiguration section */
		46BA04F81B2D6B9900A5AF06 /* Debug */ = {
			isa = XCBuildConfiguration;
			buildSettings = {
				ALWAYS_SEARCH_USER_PATHS = NO;
				CLANG_CXX_LANGUAGE_STANDARD = "gnu++0x";
				CLANG_CXX_LIBRARY = "libc++";
				CLANG_ENABLE_MODULES = YES;
				CLANG_ENABLE_OBJC_ARC = YES;
				CLANG_WARN_BOOL_CONVERSION = YES;
				CLANG_WARN_CONSTANT_CONVERSION = YES;
				CLANG_WARN_DIRECT_OBJC_ISA_USAGE = YES_ERROR;
				CLANG_WARN_EMPTY_BODY = YES;
				CLANG_WARN_ENUM_CONVERSION = YES;
				CLANG_WARN_INT_CONVERSION = YES;
				CLANG_WARN_OBJC_ROOT_CLASS = YES_ERROR;
				CLANG_WARN_UNREACHABLE_CODE = YES;
				CLANG_WARN__DUPLICATE_METHOD_MATCH = YES;
				"CODE_SIGN_IDENTITY[sdk=iphoneos*]" = "iPhone Developer";
				COPY_PHASE_STRIP = NO;
				DEBUG_INFORMATION_FORMAT = "dwarf-with-dsym";
				ENABLE_STRICT_OBJC_MSGSEND = YES;
				GCC_C_LANGUAGE_STANDARD = gnu99;
				GCC_DYNAMIC_NO_PIC = NO;
				GCC_NO_COMMON_BLOCKS = YES;
				GCC_OPTIMIZATION_LEVEL = 0;
				GCC_PREPROCESSOR_DEFINITIONS = (
					"DEBUG=1",
					"$(inherited)",
				);
				GCC_SYMBOLS_PRIVATE_EXTERN = NO;
				GCC_WARN_64_TO_32_BIT_CONVERSION = YES;
				GCC_WARN_ABOUT_RETURN_TYPE = YES_ERROR;
				GCC_WARN_UNDECLARED_SELECTOR = YES;
				GCC_WARN_UNINITIALIZED_AUTOS = YES_AGGRESSIVE;
				GCC_WARN_UNUSED_FUNCTION = YES;
				GCC_WARN_UNUSED_VARIABLE = YES;
				IPHONEOS_DEPLOYMENT_TARGET = 8.3;
				MTL_ENABLE_DEBUG_INFO = YES;
				ONLY_ACTIVE_ARCH = YES;
				SDKROOT = iphoneos;
				SWIFT_OPTIMIZATION_LEVEL = "-Onone";
			};
			name = Debug;
		};
		46BA04F91B2D6B9900A5AF06 /* Release */ = {
			isa = XCBuildConfiguration;
			buildSettings = {
				ALWAYS_SEARCH_USER_PATHS = NO;
				CLANG_CXX_LANGUAGE_STANDARD = "gnu++0x";
				CLANG_CXX_LIBRARY = "libc++";
				CLANG_ENABLE_MODULES = YES;
				CLANG_ENABLE_OBJC_ARC = YES;
				CLANG_WARN_BOOL_CONVERSION = YES;
				CLANG_WARN_CONSTANT_CONVERSION = YES;
				CLANG_WARN_DIRECT_OBJC_ISA_USAGE = YES_ERROR;
				CLANG_WARN_EMPTY_BODY = YES;
				CLANG_WARN_ENUM_CONVERSION = YES;
				CLANG_WARN_INT_CONVERSION = YES;
				CLANG_WARN_OBJC_ROOT_CLASS = YES_ERROR;
				CLANG_WARN_UNREACHABLE_CODE = YES;
				CLANG_WARN__DUPLICATE_METHOD_MATCH = YES;
				"CODE_SIGN_IDENTITY[sdk=iphoneos*]" = "iPhone Developer";
				COPY_PHASE_STRIP = NO;
				DEBUG_INFORMATION_FORMAT = "dwarf-with-dsym";
				ENABLE_NS_ASSERTIONS = NO;
				ENABLE_STRICT_OBJC_MSGSEND = YES;
				GCC_C_LANGUAGE_STANDARD = gnu99;
				GCC_NO_COMMON_BLOCKS = YES;
				GCC_WARN_64_TO_32_BIT_CONVERSION = YES;
				GCC_WARN_ABOUT_RETURN_TYPE = YES_ERROR;
				GCC_WARN_UNDECLARED_SELECTOR = YES;
				GCC_WARN_UNINITIALIZED_AUTOS = YES_AGGRESSIVE;
				GCC_WARN_UNUSED_FUNCTION = YES;
				GCC_WARN_UNUSED_VARIABLE = YES;
				IPHONEOS_DEPLOYMENT_TARGET = 8.3;
				MTL_ENABLE_DEBUG_INFO = NO;
				SDKROOT = iphoneos;
				VALIDATE_PRODUCT = YES;
			};
			name = Release;
		};
		46BA04FB1B2D6B9900A5AF06 /* Debug */ = {
			isa = XCBuildConfiguration;
			buildSettings = {
				ASSETCATALOG_COMPILER_APPICON_NAME = AppIcon;
				INFOPLIST_FILE = planfm/Info.plist;
				LD_RUNPATH_SEARCH_PATHS = "$(inherited) @executable_path/Frameworks";
				PRODUCT_NAME = "$(TARGET_NAME)";
			};
			name = Debug;
		};
		46BA04FC1B2D6B9900A5AF06 /* Release */ = {
			isa = XCBuildConfiguration;
			buildSettings = {
				ASSETCATALOG_COMPILER_APPICON_NAME = AppIcon;
				INFOPLIST_FILE = planfm/Info.plist;
				LD_RUNPATH_SEARCH_PATHS = "$(inherited) @executable_path/Frameworks";
				PRODUCT_NAME = "$(TARGET_NAME)";
			};
			name = Release;
		};
		46BA04FE1B2D6B9900A5AF06 /* Debug */ = {
			isa = XCBuildConfiguration;
			buildSettings = {
				BUNDLE_LOADER = "$(TEST_HOST)";
				FRAMEWORK_SEARCH_PATHS = (
					"$(SDKROOT)/Developer/Library/Frameworks",
					"$(inherited)",
				);
				GCC_PREPROCESSOR_DEFINITIONS = (
					"DEBUG=1",
					"$(inherited)",
				);
				INFOPLIST_FILE = planfmTests/Info.plist;
				LD_RUNPATH_SEARCH_PATHS = "$(inherited) @executable_path/Frameworks @loader_path/Frameworks";
				PRODUCT_NAME = "$(TARGET_NAME)";
				TEST_HOST = "$(BUILT_PRODUCTS_DIR)/planfm.app/planfm";
			};
			name = Debug;
		};
		46BA04FF1B2D6B9900A5AF06 /* Release */ = {
			isa = XCBuildConfiguration;
			buildSettings = {
				BUNDLE_LOADER = "$(TEST_HOST)";
				FRAMEWORK_SEARCH_PATHS = (
					"$(SDKROOT)/Developer/Library/Frameworks",
					"$(inherited)",
				);
				INFOPLIST_FILE = planfmTests/Info.plist;
				LD_RUNPATH_SEARCH_PATHS = "$(inherited) @executable_path/Frameworks @loader_path/Frameworks";
				PRODUCT_NAME = "$(TARGET_NAME)";
				TEST_HOST = "$(BUILT_PRODUCTS_DIR)/planfm.app/planfm";
			};
			name = Release;
		};
/* End XCBuildConfiguration section */

/* Begin XCConfigurationList section */
		46BA04D61B2D6B9900A5AF06 /* Build configuration list for PBXProject "planfm" */ = {
			isa = XCConfigurationList;
			buildConfigurations = (
				46BA04F81B2D6B9900A5AF06 /* Debug */,
				46BA04F91B2D6B9900A5AF06 /* Release */,
			);
			defaultConfigurationIsVisible = 0;
			defaultConfigurationName = Release;
		};
		46BA04FA1B2D6B9900A5AF06 /* Build configuration list for PBXNativeTarget "planfm" */ = {
			isa = XCConfigurationList;
			buildConfigurations = (
				46BA04FB1B2D6B9900A5AF06 /* Debug */,
				46BA04FC1B2D6B9900A5AF06 /* Release */,
			);
			defaultConfigurationIsVisible = 0;
			defaultConfigurationName = Release;
		};
		46BA04FD1B2D6B9900A5AF06 /* Build configuration list for PBXNativeTarget "planfmTests" */ = {
			isa = XCConfigurationList;
			buildConfigurations = (
				46BA04FE1B2D6B9900A5AF06 /* Debug */,
				46BA04FF1B2D6B9900A5AF06 /* Release */,
			);
			defaultConfigurationIsVisible = 0;
			defaultConfigurationName = Release;
		};
/* End XCConfigurationList section */
	};
	rootObject = 46BA04D31B2D6B9900A5AF06 /* Project object */;
}
